
Microsoft Visual Studio Solution File, Format Version 12.00
Project("{FAE04EC0-301F-11D3-BF4B-00C04F79EFBC}") = "EventStore.Projections.Migration", "EventStore.Projections.Migration\EventStore.Projections.Migration.csproj", "{AD4DB5BA-5D41-44D3-A9E9-E426DE847819}"
EndProject
Project("{FAE04EC0-301F-11D3-BF4B-00C04F79EFBC}") = "EventStore.Projections.Migration.Tests", "EventStore.Projections.Migration.Tests\EventStore.Projections.Migration.Tests.csproj", "{8B408E1D-A531-4F26-B132-568A1CC34CF2}"
EndProject
Global
	GlobalSection(SolutionConfigurationPlatforms) = preSolution
		Debug|Any CPU = Debug|Any CPU
		Release|Any CPU = Release|Any CPU
	EndGlobalSection
	GlobalSection(ProjectConfigurationPlatforms) = postSolution
		{AD4DB5BA-5D41-44D3-A9E9-E426DE847819}.Debug|Any CPU.ActiveCfg = Debug|Any CPU
		{AD4DB5BA-5D41-44D3-A9E9-E426DE847819}.Debug|Any CPU.Build.0 = Debug|Any CPU
		{AD4DB5BA-5D41-44D3-A9E9-E426DE847819}.Release|Any CPU.ActiveCfg = Release|Any CPU
		{AD4DB5BA-5D41-44D3-A9E9-E426DE847819}.Release|Any CPU.Build.0 = Release|Any CPU
		{8B408E1D-A531-4F26-B132-568A1CC34CF2}.Debug|Any CPU.ActiveCfg = Debug|Any CPU
		{8B408E1D-A531-4F26-B132-568A1CC34CF2}.Debug|Any CPU.Build.0 = Debug|Any CPU
		{8B408E1D-A531-4F26-B132-568A1CC34CF2}.Release|Any CPU.ActiveCfg = Release|Any CPU
		{8B408E1D-A531-4F26-B132-568A1CC34CF2}.Release|Any CPU.Build.0 = Release|Any CPU
	EndGlobalSection
EndGlobal
